
Microsoft Visual Studio Solution File, Format Version 11.00
# Visual Studio 2010
Project("{FAE04EC0-301F-11D3-BF4B-00C04F79EFBC}") = "Diaz The Treasure Hunter", "Assembly-CSharp-firstpass.csproj", "{FB54EB4E-0D0C-46AE-4E27-A7BADF0DB894}"
EndProject
Project("{FAE04EC0-301F-11D3-BF4B-00C04F79EFBC}") = "Diaz The Treasure Hunter", "Assembly-CSharp.csproj", "{253BEAD1-3E9D-D6B4-A698-B8BB2FFACAA0}"
EndProject
Project("{FAE04EC0-301F-11D3-BF4B-00C04F79EFBC}") = "Diaz The Treasure Hunter", "Assembly-CSharp-Editor.csproj", "{A7F40814-AE76-C367-FACF-F7674497C6CF}"
EndProject
Global
	GlobalSection(SolutionConfigurationPlatforms) = preSolution
		Debug|Any CPU = Debug|Any CPU
		Release|Any CPU = Release|Any CPU
	EndGlobalSection
	GlobalSection(ProjectConfigurationPlatforms) = postSolution
		{FB54EB4E-0D0C-46AE-4E27-A7BADF0DB894}.Debug|Any CPU.ActiveCfg = Debug|Any CPU
		{FB54EB4E-0D0C-46AE-4E27-A7BADF0DB894}.Debug|Any CPU.Build.0 = Debug|Any CPU
		{FB54EB4E-0D0C-46AE-4E27-A7BADF0DB894}.Release|Any CPU.ActiveCfg = Release|Any CPU
		{FB54EB4E-0D0C-46AE-4E27-A7BADF0DB894}.Release|Any CPU.Build.0 = Release|Any CPU
		{253BEAD1-3E9D-D6B4-A698-B8BB2FFACAA0}.Debug|Any CPU.ActiveCfg = Debug|Any CPU
		{253BEAD1-3E9D-D6B4-A698-B8BB2FFACAA0}.Debug|Any CPU.Build.0 = Debug|Any CPU
		{253BEAD1-3E9D-D6B4-A698-B8BB2FFACAA0}.Release|Any CPU.ActiveCfg = Release|Any CPU
		{253BEAD1-3E9D-D6B4-A698-B8BB2FFACAA0}.Release|Any CPU.Build.0 = Release|Any CPU
		{A7F40814-AE76-C367-FACF-F7674497C6CF}.Debug|Any CPU.ActiveCfg = Debug|Any CPU
		{A7F40814-AE76-C367-FACF-F7674497C6CF}.Debug|Any CPU.Build.0 = Debug|Any CPU
		{A7F40814-AE76-C367-FACF-F7674497C6CF}.Release|Any CPU.ActiveCfg = Release|Any CPU
		{A7F40814-AE76-C367-FACF-F7674497C6CF}.Release|Any CPU.Build.0 = Release|Any CPU
	EndGlobalSection
	GlobalSection(SolutionProperties) = preSolution
		HideSolutionNode = FALSE
	EndGlobalSection
	GlobalSection(MonoDevelopProperties) = preSolution
		StartupItem = Assembly-CSharp.csproj
	EndGlobalSection
EndGlobal
