
Microsoft Visual Studio Solution File, Format Version 11.00
# Visual Studio 2010
Project("{FAE04EC0-301F-11D3-BF4B-00C04F79EFBC}") = "Diaz-The-Treasure-Hunter", "Assembly-CSharp-firstpass.csproj", "{62EB20E8-76B5-7C2B-5DAC-5AFA67EA5384}"
EndProject
Project("{FAE04EC0-301F-11D3-BF4B-00C04F79EFBC}") = "Diaz-The-Treasure-Hunter", "Assembly-CSharp.csproj", "{3466D11D-1B01-7001-CDAE-99C34D2F0F93}"
EndProject
Project("{FAE04EC0-301F-11D3-BF4B-00C04F79EFBC}") = "Diaz-The-Treasure-Hunter", "Assembly-CSharp-Editor.csproj", "{FF34DF26-1B57-08E3-9CD7-90ABB66D4DFE}"
EndProject
Global
	GlobalSection(SolutionConfigurationPlatforms) = preSolution
		Debug|Any CPU = Debug|Any CPU
		Release|Any CPU = Release|Any CPU
	EndGlobalSection
	GlobalSection(ProjectConfigurationPlatforms) = postSolution
		{62EB20E8-76B5-7C2B-5DAC-5AFA67EA5384}.Debug|Any CPU.ActiveCfg = Debug|Any CPU
		{62EB20E8-76B5-7C2B-5DAC-5AFA67EA5384}.Debug|Any CPU.Build.0 = Debug|Any CPU
		{62EB20E8-76B5-7C2B-5DAC-5AFA67EA5384}.Release|Any CPU.ActiveCfg = Release|Any CPU
		{62EB20E8-76B5-7C2B-5DAC-5AFA67EA5384}.Release|Any CPU.Build.0 = Release|Any CPU
		{3466D11D-1B01-7001-CDAE-99C34D2F0F93}.Debug|Any CPU.ActiveCfg = Debug|Any CPU
		{3466D11D-1B01-7001-CDAE-99C34D2F0F93}.Debug|Any CPU.Build.0 = Debug|Any CPU
		{3466D11D-1B01-7001-CDAE-99C34D2F0F93}.Release|Any CPU.ActiveCfg = Release|Any CPU
		{3466D11D-1B01-7001-CDAE-99C34D2F0F93}.Release|Any CPU.Build.0 = Release|Any CPU
		{FF34DF26-1B57-08E3-9CD7-90ABB66D4DFE}.Debug|Any CPU.ActiveCfg = Debug|Any CPU
		{FF34DF26-1B57-08E3-9CD7-90ABB66D4DFE}.Debug|Any CPU.Build.0 = Debug|Any CPU
		{FF34DF26-1B57-08E3-9CD7-90ABB66D4DFE}.Release|Any CPU.ActiveCfg = Release|Any CPU
		{FF34DF26-1B57-08E3-9CD7-90ABB66D4DFE}.Release|Any CPU.Build.0 = Release|Any CPU
	EndGlobalSection
	GlobalSection(SolutionProperties) = preSolution
		HideSolutionNode = FALSE
	EndGlobalSection
	GlobalSection(MonoDevelopProperties) = preSolution
		StartupItem = Assembly-CSharp.csproj
	EndGlobalSection
EndGlobal
