
Microsoft Visual Studio Solution File, Format Version 11.00
# Visual Studio 2010
Project("{FAE04EC0-301F-11D3-BF4B-00C04F79EFBC}") = "diaz-the-treasure-hunter", "Assembly-CSharp-firstpass.csproj", "{86E30ED3-CB78-3284-F820-9B95FADBAB0E}"
EndProject
Project("{FAE04EC0-301F-11D3-BF4B-00C04F79EFBC}") = "diaz-the-treasure-hunter", "Assembly-CSharp.csproj", "{65CE781D-9649-4389-934C-C479DE6A935E}"
EndProject
Project("{FAE04EC0-301F-11D3-BF4B-00C04F79EFBC}") = "diaz-the-treasure-hunter", "Assembly-CSharp-Editor.csproj", "{86F09E41-6CD2-DE2B-D38D-97F8A65321E3}"
EndProject
Global
	GlobalSection(SolutionConfigurationPlatforms) = preSolution
		Debug|Any CPU = Debug|Any CPU
		Release|Any CPU = Release|Any CPU
	EndGlobalSection
	GlobalSection(ProjectConfigurationPlatforms) = postSolution
		{86E30ED3-CB78-3284-F820-9B95FADBAB0E}.Debug|Any CPU.ActiveCfg = Debug|Any CPU
		{86E30ED3-CB78-3284-F820-9B95FADBAB0E}.Debug|Any CPU.Build.0 = Debug|Any CPU
		{86E30ED3-CB78-3284-F820-9B95FADBAB0E}.Release|Any CPU.ActiveCfg = Release|Any CPU
		{86E30ED3-CB78-3284-F820-9B95FADBAB0E}.Release|Any CPU.Build.0 = Release|Any CPU
		{65CE781D-9649-4389-934C-C479DE6A935E}.Debug|Any CPU.ActiveCfg = Debug|Any CPU
		{65CE781D-9649-4389-934C-C479DE6A935E}.Debug|Any CPU.Build.0 = Debug|Any CPU
		{65CE781D-9649-4389-934C-C479DE6A935E}.Release|Any CPU.ActiveCfg = Release|Any CPU
		{65CE781D-9649-4389-934C-C479DE6A935E}.Release|Any CPU.Build.0 = Release|Any CPU
		{86F09E41-6CD2-DE2B-D38D-97F8A65321E3}.Debug|Any CPU.ActiveCfg = Debug|Any CPU
		{86F09E41-6CD2-DE2B-D38D-97F8A65321E3}.Debug|Any CPU.Build.0 = Debug|Any CPU
		{86F09E41-6CD2-DE2B-D38D-97F8A65321E3}.Release|Any CPU.ActiveCfg = Release|Any CPU
		{86F09E41-6CD2-DE2B-D38D-97F8A65321E3}.Release|Any CPU.Build.0 = Release|Any CPU
	EndGlobalSection
	GlobalSection(SolutionProperties) = preSolution
		HideSolutionNode = FALSE
	EndGlobalSection
	GlobalSection(MonoDevelopProperties) = preSolution
		StartupItem = Assembly-CSharp.csproj
	EndGlobalSection
EndGlobal
